
Microsoft Visual Studio Solution File, Format Version 12.00
# Visual Studio Version 17
VisualStudioVersion = 17.13.35828.75 d17.13
MinimumVisualStudioVersion = 10.0.40219.1
Project("{C9674DCB-5085-4A16-B785-4C70DD1589BD}") = "SSIS_Learning", "SSIS_Learning.dtproj", "{6550F222-9D55-3CD5-B4F1-176E22716011}"
EndProject
Global
	GlobalSection(SolutionConfigurationPlatforms) = preSolution
		Development|Default = Development|Default
	EndGlobalSection
	GlobalSection(ProjectConfigurationPlatforms) = postSolution
		{6550F222-9D55-3CD5-B4F1-176E22716011}.Development|Default.ActiveCfg = Development
		{6550F222-9D55-3CD5-B4F1-176E22716011}.Development|Default.Build.0 = Development
	EndGlobalSection
	GlobalSection(SolutionProperties) = preSolution
		HideSolutionNode = FALSE
	EndGlobalSection
	GlobalSection(ExtensibilityGlobals) = postSolution
		SolutionGuid = {00932DDD-F045-4454-90B7-2C6201BC6650}
	EndGlobalSection
EndGlobal
